
Microsoft Visual Studio Solution File, Format Version 12.00
# Visual Studio 15
VisualStudioVersion = 15.0.27428.2011
MinimumVisualStudioVersion = 10.0.40219.1
Project("{FAE04EC0-301F-11D3-BF4B-00C04F79EFBC}") = "DataLayer", "DataLayer\DataLayer.csproj", "{D2B38FC2-B747-43F6-9029-99A39B78C845}"
EndProject
Project("{FAE04EC0-301F-11D3-BF4B-00C04F79EFBC}") = "ServiceLayer", "ServiceLayer\ServiceLayer.csproj", "{830D3CE2-98A8-434D-B2A9-EABFBE004F84}"
EndProject
Project("{FAE04EC0-301F-11D3-BF4B-00C04F79EFBC}") = "Test", "Test\Test.csproj", "{3CF32AFB-8E3C-48BB-B732-BA10EA995336}"
EndProject
Project("{FAE04EC0-301F-11D3-BF4B-00C04F79EFBC}") = "EfCoreInAction", "EfCoreInAction\EfCoreInAction.csproj", "{7E8F676F-213C-4952-B10B-07197FD08C3D}"
EndProject
Global
	GlobalSection(SolutionConfigurationPlatforms) = preSolution
		Debug|Any CPU = Debug|Any CPU
		Release|Any CPU = Release|Any CPU
	EndGlobalSection
	GlobalSection(ProjectConfigurationPlatforms) = postSolution
		{D2B38FC2-B747-43F6-9029-99A39B78C845}.Debug|Any CPU.ActiveCfg = Debug|Any CPU
		{D2B38FC2-B747-43F6-9029-99A39B78C845}.Debug|Any CPU.Build.0 = Debug|Any CPU
		{D2B38FC2-B747-43F6-9029-99A39B78C845}.Release|Any CPU.ActiveCfg = Release|Any CPU
		{D2B38FC2-B747-43F6-9029-99A39B78C845}.Release|Any CPU.Build.0 = Release|Any CPU
		{830D3CE2-98A8-434D-B2A9-EABFBE004F84}.Debug|Any CPU.ActiveCfg = Debug|Any CPU
		{830D3CE2-98A8-434D-B2A9-EABFBE004F84}.Debug|Any CPU.Build.0 = Debug|Any CPU
		{830D3CE2-98A8-434D-B2A9-EABFBE004F84}.Release|Any CPU.ActiveCfg = Release|Any CPU
		{830D3CE2-98A8-434D-B2A9-EABFBE004F84}.Release|Any CPU.Build.0 = Release|Any CPU
		{3CF32AFB-8E3C-48BB-B732-BA10EA995336}.Debug|Any CPU.ActiveCfg = Debug|Any CPU
		{3CF32AFB-8E3C-48BB-B732-BA10EA995336}.Debug|Any CPU.Build.0 = Debug|Any CPU
		{3CF32AFB-8E3C-48BB-B732-BA10EA995336}.Release|Any CPU.ActiveCfg = Release|Any CPU
		{3CF32AFB-8E3C-48BB-B732-BA10EA995336}.Release|Any CPU.Build.0 = Release|Any CPU
		{7E8F676F-213C-4952-B10B-07197FD08C3D}.Debug|Any CPU.ActiveCfg = Debug|Any CPU
		{7E8F676F-213C-4952-B10B-07197FD08C3D}.Debug|Any CPU.Build.0 = Debug|Any CPU
		{7E8F676F-213C-4952-B10B-07197FD08C3D}.Release|Any CPU.ActiveCfg = Release|Any CPU
		{7E8F676F-213C-4952-B10B-07197FD08C3D}.Release|Any CPU.Build.0 = Release|Any CPU
	EndGlobalSection
	GlobalSection(SolutionProperties) = preSolution
		HideSolutionNode = FALSE
	EndGlobalSection
	GlobalSection(ExtensibilityGlobals) = postSolution
		SolutionGuid = {1723A931-6185-49FB-959B-926D379B65B5}
	EndGlobalSection
EndGlobal
